{
  "name": "rupamkairi.github.io",
  "version": "1.0.0",
  "lockfileVersion": 1,
  "requires": true,
  "dependencies": {
    "@sanity/cli": {
      "version": "2.1.0",
      "resolved": "https://registry.npmjs.org/@sanity/cli/-/cli-2.1.0.tgz",
      "integrity": "sha512-ii8xhHcXmVGb5hANxASAStZ7C1WeAIA0MW70FSdjfpvhpesAGcZgq+n18TCxbKHThfhqBWvCK5gWHZba8Shzbw==",
      "dev": true
    }
  }
}
